[[package]]
name = "appdirs"
version = "1.4.4"
description = "A small Python module for determining appropriate platform-specific dirs, e.g. a \"user data dir\"."
category = "dev"
optional = false
python-versions = "*"

[[package]]
name = "beautifulsoup4"
version = "4.9.3"
description = "Screen-scraping library"
category = "main"
optional = false
python-versions = "*"

[package.dependencies]
soupsieve = {version = ">1.2", markers = "python_version >= \"3.0\""}

[package.extras]
html5lib = ["html5lib"]
lxml = ["lxml"]

[[package]]
name = "certifi"
version = "2020.12.5"
description = "Python package for providing Mozilla's CA Bundle."
category = "main"
optional = false
python-versions = "*"

[[package]]
name = "cfgv"
version = "3.2.0"
description = "Validate configuration and produce human readable error messages."
category = "dev"
optional = false
python-versions = ">=3.6.1"

[[package]]
name = "chardet"
version = "4.0.0"
description = "Universal encoding detector for Python 2 and 3"
category = "main"
optional = false
python-versions = ">=2.7, !=3.0.*, !=3.1.*, !=3.2.*, !=3.3.*, !=3.4.*"

[[package]]
name = "configparser"
version = "5.0.1"
description = "Updated configparser from Python 3.8 for Python 2.6+."
category = "main"
optional = false
python-versions = ">=3.6"

[package.extras]
docs = ["sphinx", "jaraco.packaging (>=3.2)", "rst.linker (>=1.9)"]
testing = ["pytest (>=3.5,!=3.7.3)", "pytest-checkdocs (>=1.2.3)", "pytest-flake8", "pytest-cov", "jaraco.test (>=3.2.0)", "pytest-black (>=0.3.7)", "pytest-mypy"]

[[package]]
name = "coverage"
version = "5.4"
description = "Code coverage measurement for Python"
category = "dev"
optional = false
python-versions = ">=2.7, !=3.0.*, !=3.1.*, !=3.2.*, !=3.3.*, !=3.4.*, <4"

[package.extras]
toml = ["toml"]

[[package]]
name = "distlib"
version = "0.3.1"
description = "Distribution utilities"
category = "dev"
optional = false
python-versions = "*"

[[package]]
name = "filelock"
version = "3.0.12"
description = "A platform independent file lock."
category = "dev"
optional = false
python-versions = "*"

[[package]]
name = "geographiclib"
version = "1.50"
description = "The geodesic routines from GeographicLib"
category = "main"
optional = false
python-versions = "*"

[[package]]
name = "geopy"
version = "2.1.0"
description = "Python Geocoding Toolbox"
category = "main"
optional = false
python-versions = ">=3.5"

[package.dependencies]
geographiclib = ">=1.49,<2"

[package.extras]
aiohttp = ["aiohttp"]
dev = ["async-generator", "flake8 (>=3.8.0,<3.9.0)", "isort (>=5.6.0,<5.7.0)", "coverage", "pytest-aiohttp", "pytest (>=3.10)", "readme-renderer", "sphinx", "sphinx-issues", "sphinx-rtd-theme (>=0.5.0)"]
dev-docs = ["readme-renderer", "sphinx", "sphinx-issues", "sphinx-rtd-theme (>=0.5.0)"]
dev-lint = ["async-generator", "flake8 (>=3.8.0,<3.9.0)", "isort (>=5.6.0,<5.7.0)"]
dev-test = ["async-generator", "coverage", "pytest-aiohttp", "pytest (>=3.10)"]
requests = ["urllib3 (>=1.24.2)", "requests (>=2.16.2)"]
timezone = ["pytz"]

[[package]]
name = "identify"
version = "1.5.13"
description = "File identification library for Python"
category = "dev"
optional = false
python-versions = "!=3.0.*,!=3.1.*,!=3.2.*,!=3.3.*,>=2.7"

[package.extras]
license = ["editdistance"]

[[package]]
name = "idna"
version = "2.10"
description = "Internationalized Domain Names in Applications (IDNA)"
category = "main"
optional = false
python-versions = ">=2.7, !=3.0.*, !=3.1.*, !=3.2.*, !=3.3.*"

[[package]]
name = "importlib-metadata"
version = "3.4.0"
description = "Read metadata from Python packages"
category = "dev"
optional = false
python-versions = ">=3.6"

[package.dependencies]
typing-extensions = {version = ">=3.6.4", markers = "python_version < \"3.8\""}
zipp = ">=0.5"

[package.extras]
docs = ["sphinx", "jaraco.packaging (>=8.2)", "rst.linker (>=1.9)"]
testing = ["pytest (>=3.5,!=3.7.3)", "pytest-checkdocs (>=1.2.3)", "pytest-flake8", "pytest-cov", "pytest-enabler", "packaging", "pep517", "pyfakefs", "flufl.flake8", "pytest-black (>=0.3.7)", "pytest-mypy", "importlib-resources (>=1.3)"]

[[package]]
name = "nodeenv"
version = "1.5.0"
description = "Node.js virtual environment builder"
category = "dev"
optional = false
python-versions = "*"

[[package]]
name = "nose"
version = "1.3.7"
description = "nose extends unittest to make testing easier"
category = "dev"
optional = false
python-versions = "*"

[[package]]
name = "numpy"
version = "1.19.3"
description = "NumPy is the fundamental package for array computing with Python."
category = "main"
optional = false
python-versions = ">=3.6"

[[package]]
name = "pandas"
version = "1.1.5"
description = "Powerful data structures for data analysis, time series, and statistics"
category = "main"
optional = false
python-versions = ">=3.6.1"

[package.dependencies]
numpy = ">=1.15.4"
python-dateutil = ">=2.7.3"
pytz = ">=2017.2"

[package.extras]
test = ["pytest (>=4.0.2)", "pytest-xdist", "hypothesis (>=3.58)"]

[[package]]
name = "pre-commit"
version = "2.10.0"
description = "A framework for managing and maintaining multi-language pre-commit hooks."
category = "dev"
optional = false
python-versions = ">=3.6.1"

[package.dependencies]
cfgv = ">=2.0.0"
identify = ">=1.0.0"
importlib-metadata = {version = "*", markers = "python_version < \"3.8\""}
nodeenv = ">=0.11.1"
pyyaml = ">=5.1"
toml = "*"
virtualenv = ">=20.0.8"

[[package]]
name = "progress"
version = "1.5"
description = "Easy to use progress bars"
category = "main"
optional = false
python-versions = "*"

[[package]]
name = "python-dateutil"
version = "2.8.1"
description = "Extensions to the standard Python datetime module"
category = "main"
optional = false
python-versions = "!=3.0.*,!=3.1.*,!=3.2.*,>=2.7"

[package.dependencies]
six = ">=1.5"

[[package]]
name = "pytz"
version = "2021.1"
description = "World timezone definitions, modern and historical"
category = "main"
optional = false
python-versions = "*"

[[package]]
name = "pyyaml"
version = "5.4.1"
description = "YAML parser and emitter for Python"
category = "dev"
optional = false
python-versions = ">=2.7, !=3.0.*, !=3.1.*, !=3.2.*, !=3.3.*, !=3.4.*, !=3.5.*"

[[package]]
name = "requests"
version = "2.25.1"
description = "Python HTTP for Humans."
category = "main"
optional = false
python-versions = ">=2.7, !=3.0.*, !=3.1.*, !=3.2.*, !=3.3.*, !=3.4.*"

[package.dependencies]
certifi = ">=2017.4.17"
chardet = ">=3.0.2,<5"
idna = ">=2.5,<3"
urllib3 = ">=1.21.1,<1.27"

[package.extras]
security = ["pyOpenSSL (>=0.14)", "cryptography (>=1.3.4)"]
socks = ["PySocks (>=1.5.6,!=1.5.7)", "win-inet-pton"]

[[package]]
name = "six"
version = "1.15.0"
description = "Python 2 and 3 compatibility utilities"
category = "main"
optional = false
python-versions = ">=2.7, !=3.0.*, !=3.1.*, !=3.2.*"

[[package]]
name = "soupsieve"
version = "2.1"
description = "A modern CSS selector implementation for Beautiful Soup."
category = "main"
optional = false
python-versions = ">=3.5"

[[package]]
name = "toml"
version = "0.10.2"
description = "Python Library for Tom's Obvious, Minimal Language"
category = "dev"
optional = false
python-versions = ">=2.6, !=3.0.*, !=3.1.*, !=3.2.*"

[[package]]
name = "typing-extensions"
version = "3.7.4.3"
description = "Backported and Experimental Type Hints for Python 3.5+"
category = "dev"
optional = false
python-versions = "*"

[[package]]
name = "urllib3"
version = "1.26.3"
description = "HTTP library with thread-safe connection pooling, file post, and more."
category = "main"
optional = false
python-versions = ">=2.7, !=3.0.*, !=3.1.*, !=3.2.*, !=3.3.*, !=3.4.*, <4"

[package.extras]
brotli = ["brotlipy (>=0.6.0)"]
secure = ["pyOpenSSL (>=0.14)", "cryptography (>=1.3.4)", "idna (>=2.0.0)", "certifi", "ipaddress"]
socks = ["PySocks (>=1.5.6,!=1.5.7,<2.0)"]

[[package]]
name = "virtualenv"
version = "20.4.2"
description = "Virtual Python Environment builder"
category = "dev"
optional = false
python-versions = "!=3.0.*,!=3.1.*,!=3.2.*,!=3.3.*,>=2.7"

[package.dependencies]
appdirs = ">=1.4.3,<2"
distlib = ">=0.3.1,<1"
filelock = ">=3.0.0,<4"
importlib-metadata = {version = ">=0.12", markers = "python_version < \"3.8\""}
six = ">=1.9.0,<2"

[package.extras]
docs = ["proselint (>=0.10.2)", "sphinx (>=3)", "sphinx-argparse (>=0.2.5)", "sphinx-rtd-theme (>=0.4.3)", "towncrier (>=19.9.0rc1)"]
testing = ["coverage (>=4)", "coverage-enable-subprocess (>=1)", "flaky (>=3)", "pytest (>=4)", "pytest-env (>=0.6.2)", "pytest-freezegun (>=0.4.1)", "pytest-mock (>=2)", "pytest-randomly (>=1)", "pytest-timeout (>=1)", "packaging (>=20.0)", "xonsh (>=0.9.16)"]

[[package]]
name = "zipp"
version = "3.4.0"
description = "Backport of pathlib-compatible object wrapper for zip files"
category = "dev"
optional = false
python-versions = ">=3.6"

[package.extras]
docs = ["sphinx", "jaraco.packaging (>=3.2)", "rst.linker (>=1.9)"]
testing = ["pytest (>=3.5,!=3.7.3)", "pytest-checkdocs (>=1.2.3)", "pytest-flake8", "pytest-cov", "jaraco.test (>=3.2.0)", "jaraco.itertools", "func-timeout", "pytest-black (>=0.3.7)", "pytest-mypy"]

[metadata]
lock-version = "1.1"
python-versions = "^3.7"
content-hash = "4cfe6503907848a489dc3bbada962dfd42b871d5399fc1497a7866fe2e7c00af"

[metadata.files]
appdirs = [
    {file = "appdirs-1.4.4-py2.py3-none-any.whl", hash = "sha256:a841dacd6b99318a741b166adb07e19ee71a274450e68237b4650ca1055ab128"},
    {file = "appdirs-1.4.4.tar.gz", hash = "sha256:7d5d0167b2b1ba821647616af46a749d1c653740dd0d2415100fe26e27afdf41"},
]
beautifulsoup4 = [
    {file = "beautifulsoup4-4.9.3-py2-none-any.whl", hash = "sha256:4c98143716ef1cb40bf7f39a8e3eec8f8b009509e74904ba3a7b315431577e35"},
    {file = "beautifulsoup4-4.9.3-py3-none-any.whl", hash = "sha256:fff47e031e34ec82bf17e00da8f592fe7de69aeea38be00523c04623c04fb666"},
    {file = "beautifulsoup4-4.9.3.tar.gz", hash = "sha256:84729e322ad1d5b4d25f805bfa05b902dd96450f43842c4e99067d5e1369eb25"},
]
certifi = [
    {file = "certifi-2020.12.5-py2.py3-none-any.whl", hash = "sha256:719a74fb9e33b9bd44cc7f3a8d94bc35e4049deebe19ba7d8e108280cfd59830"},
    {file = "certifi-2020.12.5.tar.gz", hash = "sha256:1a4995114262bffbc2413b159f2a1a480c969de6e6eb13ee966d470af86af59c"},
]
cfgv = [
    {file = "cfgv-3.2.0-py2.py3-none-any.whl", hash = "sha256:32e43d604bbe7896fe7c248a9c2276447dbef840feb28fe20494f62af110211d"},
    {file = "cfgv-3.2.0.tar.gz", hash = "sha256:cf22deb93d4bcf92f345a5c3cd39d3d41d6340adc60c78bbbd6588c384fda6a1"},
]
chardet = [
    {file = "chardet-4.0.0-py2.py3-none-any.whl", hash = "sha256:f864054d66fd9118f2e67044ac8981a54775ec5b67aed0441892edb553d21da5"},
    {file = "chardet-4.0.0.tar.gz", hash = "sha256:0d6f53a15db4120f2b08c94f11e7d93d2c911ee118b6b30a04ec3ee8310179fa"},
]
configparser = [
    {file = "configparser-5.0.1-py3-none-any.whl", hash = "sha256:08e8a59ef1817ac4ed810bb8e17d049566dd6e024e7566f6285c756db2bb4ff8"},
    {file = "configparser-5.0.1.tar.gz", hash = "sha256:005c3b102c96f4be9b8f40dafbd4997db003d07d1caa19f37808be8031475f2a"},
]
coverage = [
    {file = "coverage-5.4-cp27-cp27m-macosx_10_9_x86_64.whl", hash = "sha256:6d9c88b787638a451f41f97446a1c9fd416e669b4d9717ae4615bd29de1ac135"},
    {file = "coverage-5.4-cp27-cp27m-manylinux1_i686.whl", hash = "sha256:66a5aae8233d766a877c5ef293ec5ab9520929c2578fd2069308a98b7374ea8c"},
    {file = "coverage-5.4-cp27-cp27m-manylinux1_x86_64.whl", hash = "sha256:9754a5c265f991317de2bac0c70a746efc2b695cf4d49f5d2cddeac36544fb44"},
    {file = "coverage-5.4-cp27-cp27m-manylinux2010_i686.whl", hash = "sha256:fbb17c0d0822684b7d6c09915677a32319f16ff1115df5ec05bdcaaee40b35f3"},
    {file = "coverage-5.4-cp27-cp27m-manylinux2010_x86_64.whl", hash = "sha256:b7f7421841f8db443855d2854e25914a79a1ff48ae92f70d0a5c2f8907ab98c9"},
    {file = "coverage-5.4-cp27-cp27m-win32.whl", hash = "sha256:4a780807e80479f281d47ee4af2eb2df3e4ccf4723484f77da0bb49d027e40a1"},
    {file = "coverage-5.4-cp27-cp27m-win_amd64.whl", hash = "sha256:87c4b38288f71acd2106f5d94f575bc2136ea2887fdb5dfe18003c881fa6b370"},
    {file = "coverage-5.4-cp27-cp27mu-manylinux1_i686.whl", hash = "sha256:c6809ebcbf6c1049002b9ac09c127ae43929042ec1f1dbd8bb1615f7cd9f70a0"},
    {file = "coverage-5.4-cp27-cp27mu-manylinux1_x86_64.whl", hash = "sha256:ba7ca81b6d60a9f7a0b4b4e175dcc38e8fef4992673d9d6e6879fd6de00dd9b8"},
    {file = "coverage-5.4-cp27-cp27mu-manylinux2010_i686.whl", hash = "sha256:89fc12c6371bf963809abc46cced4a01ca4f99cba17be5e7d416ed7ef1245d19"},
    {file = "coverage-5.4-cp27-cp27mu-manylinux2010_x86_64.whl", hash = "sha256:4a8eb7785bd23565b542b01fb39115a975fefb4a82f23d407503eee2c0106247"},
    {file = "coverage-5.4-cp35-cp35m-macosx_10_9_x86_64.whl", hash = "sha256:7e40d3f8eb472c1509b12ac2a7e24158ec352fc8567b77ab02c0db053927e339"},
    {file = "coverage-5.4-cp35-cp35m-manylinux1_i686.whl", hash = "sha256:1ccae21a076d3d5f471700f6d30eb486da1626c380b23c70ae32ab823e453337"},
    {file = "coverage-5.4-cp35-cp35m-manylinux1_x86_64.whl", hash = "sha256:755c56beeacac6a24c8e1074f89f34f4373abce8b662470d3aa719ae304931f3"},
    {file = "coverage-5.4-cp35-cp35m-manylinux2010_i686.whl", hash = "sha256:322549b880b2d746a7672bf6ff9ed3f895e9c9f108b714e7360292aa5c5d7cf4"},
    {file = "coverage-5.4-cp35-cp35m-manylinux2010_x86_64.whl", hash = "sha256:60a3307a84ec60578accd35d7f0c71a3a971430ed7eca6567399d2b50ef37b8c"},
    {file = "coverage-5.4-cp35-cp35m-win32.whl", hash = "sha256:1375bb8b88cb050a2d4e0da901001347a44302aeadb8ceb4b6e5aa373b8ea68f"},
    {file = "coverage-5.4-cp35-cp35m-win_amd64.whl", hash = "sha256:16baa799ec09cc0dcb43a10680573269d407c159325972dd7114ee7649e56c66"},
    {file = "coverage-5.4-cp36-cp36m-macosx_10_9_x86_64.whl", hash = "sha256:2f2cf7a42d4b7654c9a67b9d091ec24374f7c58794858bff632a2039cb15984d"},
    {file = "coverage-5.4-cp36-cp36m-manylinux1_i686.whl", hash = "sha256:b62046592b44263fa7570f1117d372ae3f310222af1fc1407416f037fb3af21b"},
    {file = "coverage-5.4-cp36-cp36m-manylinux1_x86_64.whl", hash = "sha256:812eaf4939ef2284d29653bcfee9665f11f013724f07258928f849a2306ea9f9"},
    {file = "coverage-5.4-cp36-cp36m-manylinux2010_i686.whl", hash = "sha256:859f0add98707b182b4867359e12bde806b82483fb12a9ae868a77880fc3b7af"},
    {file = "coverage-5.4-cp36-cp36m-manylinux2010_x86_64.whl", hash = "sha256:04b14e45d6a8e159c9767ae57ecb34563ad93440fc1b26516a89ceb5b33c1ad5"},
    {file = "coverage-5.4-cp36-cp36m-win32.whl", hash = "sha256:ebfa374067af240d079ef97b8064478f3bf71038b78b017eb6ec93ede1b6bcec"},
    {file = "coverage-5.4-cp36-cp36m-win_amd64.whl", hash = "sha256:84df004223fd0550d0ea7a37882e5c889f3c6d45535c639ce9802293b39cd5c9"},
    {file = "coverage-5.4-cp37-cp37m-macosx_10_9_x86_64.whl", hash = "sha256:1b811662ecf72eb2d08872731636aee6559cae21862c36f74703be727b45df90"},
    {file = "coverage-5.4-cp37-cp37m-manylinux1_i686.whl", hash = "sha256:6b588b5cf51dc0fd1c9e19f622457cc74b7d26fe295432e434525f1c0fae02bc"},
    {file = "coverage-5.4-cp37-cp37m-manylinux1_x86_64.whl", hash = "sha256:3fe50f1cac369b02d34ad904dfe0771acc483f82a1b54c5e93632916ba847b37"},
    {file = "coverage-5.4-cp37-cp37m-manylinux2010_i686.whl", hash = "sha256:32ab83016c24c5cf3db2943286b85b0a172dae08c58d0f53875235219b676409"},
    {file = "coverage-5.4-cp37-cp37m-manylinux2010_x86_64.whl", hash = "sha256:68fb816a5dd901c6aff352ce49e2a0ffadacdf9b6fae282a69e7a16a02dad5fb"},
    {file = "coverage-5.4-cp37-cp37m-win32.whl", hash = "sha256:a636160680c6e526b84f85d304e2f0bb4e94f8284dd765a1911de9a40450b10a"},
    {file = "coverage-5.4-cp37-cp37m-win_amd64.whl", hash = "sha256:bb32ca14b4d04e172c541c69eec5f385f9a075b38fb22d765d8b0ce3af3a0c22"},
    {file = "coverage-5.4-cp38-cp38-macosx_10_9_x86_64.whl", hash = "sha256:6c4d7165a4e8f41eca6b990c12ee7f44fef3932fac48ca32cecb3a1b2223c21f"},
    {file = "coverage-5.4-cp38-cp38-manylinux1_i686.whl", hash = "sha256:a565f48c4aae72d1d3d3f8e8fb7218f5609c964e9c6f68604608e5958b9c60c3"},
    {file = "coverage-5.4-cp38-cp38-manylinux1_x86_64.whl", hash = "sha256:fff1f3a586246110f34dc762098b5afd2de88de507559e63553d7da643053786"},
    {file = "coverage-5.4-cp38-cp38-manylinux2010_i686.whl", hash = "sha256:a839e25f07e428a87d17d857d9935dd743130e77ff46524abb992b962eb2076c"},
    {file = "coverage-5.4-cp38-cp38-manylinux2010_x86_64.whl", hash = "sha256:6625e52b6f346a283c3d563d1fd8bae8956daafc64bb5bbd2b8f8a07608e3994"},
    {file = "coverage-5.4-cp38-cp38-win32.whl", hash = "sha256:5bee3970617b3d74759b2d2df2f6a327d372f9732f9ccbf03fa591b5f7581e39"},
    {file = "coverage-5.4-cp38-cp38-win_amd64.whl", hash = "sha256:03ed2a641e412e42cc35c244508cf186015c217f0e4d496bf6d7078ebe837ae7"},
    {file = "coverage-5.4-cp39-cp39-macosx_10_9_x86_64.whl", hash = "sha256:14a9f1887591684fb59fdba8feef7123a0da2424b0652e1b58dd5b9a7bb1188c"},
    {file = "coverage-5.4-cp39-cp39-manylinux1_i686.whl", hash = "sha256:9564ac7eb1652c3701ac691ca72934dd3009997c81266807aef924012df2f4b3"},
    {file = "coverage-5.4-cp39-cp39-manylinux1_x86_64.whl", hash = "sha256:0f48fc7dc82ee14aeaedb986e175a429d24129b7eada1b7e94a864e4f0644dde"},
    {file = "coverage-5.4-cp39-cp39-manylinux2010_i686.whl", hash = "sha256:107d327071061fd4f4a2587d14c389a27e4e5c93c7cba5f1f59987181903902f"},
    {file = "coverage-5.4-cp39-cp39-manylinux2010_x86_64.whl", hash = "sha256:0cdde51bfcf6b6bd862ee9be324521ec619b20590787d1655d005c3fb175005f"},
    {file = "coverage-5.4-cp39-cp39-win32.whl", hash = "sha256:c67734cff78383a1f23ceba3b3239c7deefc62ac2b05fa6a47bcd565771e5880"},
    {file = "coverage-5.4-cp39-cp39-win_amd64.whl", hash = "sha256:c669b440ce46ae3abe9b2d44a913b5fd86bb19eb14a8701e88e3918902ecd345"},
    {file = "coverage-5.4-pp36-none-any.whl", hash = "sha256:c0ff1c1b4d13e2240821ef23c1efb1f009207cb3f56e16986f713c2b0e7cd37f"},
    {file = "coverage-5.4-pp37-none-any.whl", hash = "sha256:cd601187476c6bed26a0398353212684c427e10a903aeafa6da40c63309d438b"},
    {file = "coverage-5.4.tar.gz", hash = "sha256:6d2e262e5e8da6fa56e774fb8e2643417351427604c2b177f8e8c5f75fc928ca"},
]
distlib = [
    {file = "distlib-0.3.1-py2.py3-none-any.whl", hash = "sha256:8c09de2c67b3e7deef7184574fc060ab8a793e7adbb183d942c389c8b13c52fb"},
    {file = "distlib-0.3.1.zip", hash = "sha256:edf6116872c863e1aa9d5bb7cb5e05a022c519a4594dc703843343a9ddd9bff1"},
]
filelock = [
    {file = "filelock-3.0.12-py3-none-any.whl", hash = "sha256:929b7d63ec5b7d6b71b0fa5ac14e030b3f70b75747cef1b10da9b879fef15836"},
    {file = "filelock-3.0.12.tar.gz", hash = "sha256:18d82244ee114f543149c66a6e0c14e9c4f8a1044b5cdaadd0f82159d6a6ff59"},
]
geographiclib = [
    {file = "geographiclib-1.50-py3-none-any.whl", hash = "sha256:51cfa698e7183792bce27d8fb63ac8e83689cd8170a730bf35e1a5c5bf8849b9"},
    {file = "geographiclib-1.50.tar.gz", hash = "sha256:12bd46ee7ec25b291ea139b17aa991e7ef373e21abd053949b75c0e9ca55c632"},
]
geopy = [
    {file = "geopy-2.1.0-py3-none-any.whl", hash = "sha256:4db8a2b79a2b3358a7d020ea195be639251a831a1b429c0d1b20c9f00c67c788"},
    {file = "geopy-2.1.0.tar.gz", hash = "sha256:892b219413e7955587b029949af3a1949c6fbac9d5ad17b79d850718f6a9550f"},
]
identify = [
    {file = "identify-1.5.13-py2.py3-none-any.whl", hash = "sha256:9dfb63a2e871b807e3ba62f029813552a24b5289504f5b071dea9b041aee9fe4"},
    {file = "identify-1.5.13.tar.gz", hash = "sha256:70b638cf4743f33042bebb3b51e25261a0a10e80f978739f17e7fd4837664a66"},
]
idna = [
    {file = "idna-2.10-py2.py3-none-any.whl", hash = "sha256:b97d804b1e9b523befed77c48dacec60e6dcb0b5391d57af6a65a312a90648c0"},
    {file = "idna-2.10.tar.gz", hash = "sha256:b307872f855b18632ce0c21c5e45be78c0ea7ae4c15c828c20788b26921eb3f6"},
]
importlib-metadata = [
    {file = "importlib_metadata-3.4.0-py3-none-any.whl", hash = "sha256:ace61d5fc652dc280e7b6b4ff732a9c2d40db2c0f92bc6cb74e07b73d53a1771"},
    {file = "importlib_metadata-3.4.0.tar.gz", hash = "sha256:fa5daa4477a7414ae34e95942e4dd07f62adf589143c875c133c1e53c4eff38d"},
]
nodeenv = [
    {file = "nodeenv-1.5.0-py2.py3-none-any.whl", hash = "sha256:5304d424c529c997bc888453aeaa6362d242b6b4631e90f3d4bf1b290f1c84a9"},
    {file = "nodeenv-1.5.0.tar.gz", hash = "sha256:ab45090ae383b716c4ef89e690c41ff8c2b257b85b309f01f3654df3d084bd7c"},
]
nose = [
    {file = "nose-1.3.7-py2-none-any.whl", hash = "sha256:dadcddc0aefbf99eea214e0f1232b94f2fa9bd98fa8353711dacb112bfcbbb2a"},
    {file = "nose-1.3.7-py3-none-any.whl", hash = "sha256:9ff7c6cc443f8c51994b34a667bbcf45afd6d945be7477b52e97516fd17c53ac"},
    {file = "nose-1.3.7.tar.gz", hash = "sha256:f1bffef9cbc82628f6e7d7b40d7e255aefaa1adb6a1b1d26c69a8b79e6208a98"},
]
numpy = [
    {file = "numpy-1.19.3-cp36-cp36m-macosx_10_9_x86_64.whl", hash = "sha256:942d2cdcb362739908c26ce8dd88db6e139d3fa829dd7452dd9ff02cba6b58b2"},
    {file = "numpy-1.19.3-cp36-cp36m-manylinux1_i686.whl", hash = "sha256:efd656893171bbf1331beca4ec9f2e74358fc732a2084f664fd149cc4b3441d2"},
    {file = "numpy-1.19.3-cp36-cp36m-manylinux1_x86_64.whl", hash = "sha256:1a307bdd3dd444b1d0daa356b5f4c7de2e24d63bdc33ea13ff718b8ec4c6a268"},
    {file = "numpy-1.19.3-cp36-cp36m-manylinux2010_i686.whl", hash = "sha256:9d08d84bb4128abb9fbd9f073e5c69f70e5dab991a9c42e5b4081ea5b01b5db0"},
    {file = "numpy-1.19.3-cp36-cp36m-manylinux2010_x86_64.whl", hash = "sha256:7197ee0a25629ed782c7bd01871ee40702ffeef35bc48004bc2fdcc71e29ba9d"},
    {file = "numpy-1.19.3-cp36-cp36m-manylinux2014_aarch64.whl", hash = "sha256:8edc4d687a74d0a5f8b9b26532e860f4f85f56c400b3a98899fc44acb5e27add"},
    {file = "numpy-1.19.3-cp36-cp36m-win32.whl", hash = "sha256:522053b731e11329dd52d258ddf7de5288cae7418b55e4b7d32f0b7e31787e9d"},
    {file = "numpy-1.19.3-cp36-cp36m-win_amd64.whl", hash = "sha256:eefc13863bf01583a85e8c1121a901cc7cb8f059b960c4eba30901e2e6aba95f"},
    {file = "numpy-1.19.3-cp37-cp37m-macosx_10_9_x86_64.whl", hash = "sha256:6ff88bcf1872b79002569c63fe26cd2cda614e573c553c4d5b814fb5eb3d2822"},
    {file = "numpy-1.19.3-cp37-cp37m-manylinux1_i686.whl", hash = "sha256:e080087148fd70469aade2abfeadee194357defd759f9b59b349c6192aba994c"},
    {file = "numpy-1.19.3-cp37-cp37m-manylinux1_x86_64.whl", hash = "sha256:50f68ebc439821b826823a8da6caa79cd080dee2a6d5ab9f1163465a060495ed"},
    {file = "numpy-1.19.3-cp37-cp37m-manylinux2010_i686.whl", hash = "sha256:b9074d062d30c2779d8af587924f178a539edde5285d961d2dfbecbac9c4c931"},
    {file = "numpy-1.19.3-cp37-cp37m-manylinux2010_x86_64.whl", hash = "sha256:463792a249a81b9eb2b63676347f996d3f0082c2666fd0604f4180d2e5445996"},
    {file = "numpy-1.19.3-cp37-cp37m-manylinux2014_aarch64.whl", hash = "sha256:ea6171d2d8d648dee717457d0f75db49ad8c2f13100680e284d7becf3dc311a6"},
    {file = "numpy-1.19.3-cp37-cp37m-win32.whl", hash = "sha256:0ee77786eebbfa37f2141fd106b549d37c89207a0d01d8852fde1c82e9bfc0e7"},
    {file = "numpy-1.19.3-cp37-cp37m-win_amd64.whl", hash = "sha256:271139653e8b7a046d11a78c0d33bafbddd5c443a5b9119618d0652a4eb3a09f"},
    {file = "numpy-1.19.3-cp38-cp38-macosx_10_9_x86_64.whl", hash = "sha256:e983cbabe10a8989333684c98fdc5dd2f28b236216981e0c26ed359aaa676772"},
    {file = "numpy-1.19.3-cp38-cp38-manylinux1_i686.whl", hash = "sha256:d78294f1c20f366cde8a75167f822538a7252b6e8b9d6dbfb3bdab34e7c1929e"},
    {file = "numpy-1.19.3-cp38-cp38-manylinux1_x86_64.whl", hash = "sha256:199bebc296bd8a5fc31c16f256ac873dd4d5b4928dfd50e6c4995570fc71a8f3"},
    {file = "numpy-1.19.3-cp38-cp38-manylinux2010_i686.whl", hash = "sha256:dffed17848e8b968d8d3692604e61881aa6ef1f8074c99e81647ac84f6038535"},
    {file = "numpy-1.19.3-cp38-cp38-manylinux2010_x86_64.whl", hash = "sha256:5ea4401ada0d3988c263df85feb33818dc995abc85b8125f6ccb762009e7bc68"},
    {file = "numpy-1.19.3-cp38-cp38-manylinux2014_aarch64.whl", hash = "sha256:604d2e5a31482a3ad2c88206efd43d6fcf666ada1f3188fd779b4917e49b7a98"},
    {file = "numpy-1.19.3-cp38-cp38-win32.whl", hash = "sha256:a2daea1cba83210c620e359de2861316f49cc7aea8e9a6979d6cb2ddab6dda8c"},
    {file = "numpy-1.19.3-cp38-cp38-win_amd64.whl", hash = "sha256:dfdc8b53aa9838b9d44ed785431ca47aa3efaa51d0d5dd9c412ab5247151a7c4"},
    {file = "numpy-1.19.3-cp39-cp39-macosx_10_9_x86_64.whl", hash = "sha256:9f7f56b5e85b08774939622b7d45a5d00ff511466522c44fc0756ac7692c00f2"},
    {file = "numpy-1.19.3-cp39-cp39-manylinux1_i686.whl", hash = "sha256:8802d23e4895e0c65e418abe67cdf518aa5cbb976d97f42fd591f921d6dffad0"},
    {file = "numpy-1.19.3-cp39-cp39-manylinux1_x86_64.whl", hash = "sha256:c4aa79993f5d856765819a3651117520e41ac3f89c3fc1cb6dee11aa562df6da"},
    {file = "numpy-1.19.3-cp39-cp39-manylinux2010_i686.whl", hash = "sha256:51e8d2ae7c7e985c7bebf218e56f72fa93c900ad0c8a7d9fbbbf362f45710f69"},
    {file = "numpy-1.19.3-cp39-cp39-manylinux2010_x86_64.whl", hash = "sha256:50d3513469acf5b2c0406e822d3f314d7ac5788c2b438c24e5dd54d5a81ef522"},
    {file = "numpy-1.19.3-cp39-cp39-manylinux2014_aarch64.whl", hash = "sha256:741d95eb2b505bb7a99fbf4be05fa69f466e240c2b4f2d3ddead4f1b5f82a5a5"},
    {file = "numpy-1.19.3-cp39-cp39-win32.whl", hash = "sha256:1ea7e859f16e72ab81ef20aae69216cfea870676347510da9244805ff9670170"},
    {file = "numpy-1.19.3-cp39-cp39-win_amd64.whl", hash = "sha256:83af653bb92d1e248ccf5fdb05ccc934c14b936bcfe9b917dc180d3f00250ac6"},
    {file = "numpy-1.19.3-pp36-pypy36_pp73-manylinux2010_x86_64.whl", hash = "sha256:9a0669787ba8c9d3bb5de5d9429208882fb47764aa79123af25c5edc4f5966b9"},
    {file = "numpy-1.19.3.zip", hash = "sha256:35bf5316af8dc7c7db1ad45bec603e5fb28671beb98ebd1d65e8059efcfd3b72"},
]
pandas = [
    {file = "pandas-1.1.5-cp36-cp36m-macosx_10_9_x86_64.whl", hash = "sha256:bf23a3b54d128b50f4f9d4675b3c1857a688cc6731a32f931837d72effb2698d"},
    {file = "pandas-1.1.5-cp36-cp36m-manylinux1_i686.whl", hash = "sha256:5a780260afc88268a9d3ac3511d8f494fdcf637eece62fb9eb656a63d53eb7ca"},
    {file = "pandas-1.1.5-cp36-cp36m-manylinux1_x86_64.whl", hash = "sha256:b61080750d19a0122469ab59b087380721d6b72a4e7d962e4d7e63e0c4504814"},
    {file = "pandas-1.1.5-cp36-cp36m-manylinux2014_aarch64.whl", hash = "sha256:0de3ddb414d30798cbf56e642d82cac30a80223ad6fe484d66c0ce01a84d6f2f"},
    {file = "pandas-1.1.5-cp36-cp36m-win32.whl", hash = "sha256:70865f96bb38fec46f7ebd66d4b5cfd0aa6b842073f298d621385ae3898d28b5"},
    {file = "pandas-1.1.5-cp36-cp36m-win_amd64.whl", hash = "sha256:19a2148a1d02791352e9fa637899a78e371a3516ac6da5c4edc718f60cbae648"},
    {file = "pandas-1.1.5-cp37-cp37m-macosx_10_9_x86_64.whl", hash = "sha256:26fa92d3ac743a149a31b21d6f4337b0594b6302ea5575b37af9ca9611e8981a"},
    {file = "pandas-1.1.5-cp37-cp37m-manylinux1_i686.whl", hash = "sha256:c16d59c15d946111d2716856dd5479221c9e4f2f5c7bc2d617f39d870031e086"},
    {file = "pandas-1.1.5-cp37-cp37m-manylinux1_x86_64.whl", hash = "sha256:3be7a7a0ca71a2640e81d9276f526bca63505850add10206d0da2e8a0a325dae"},
    {file = "pandas-1.1.5-cp37-cp37m-manylinux2014_aarch64.whl", hash = "sha256:573fba5b05bf2c69271a32e52399c8de599e4a15ab7cec47d3b9c904125ab788"},
    {file = "pandas-1.1.5-cp37-cp37m-win32.whl", hash = "sha256:21b5a2b033380adbdd36b3116faaf9a4663e375325831dac1b519a44f9e439bb"},
    {file = "pandas-1.1.5-cp37-cp37m-win_amd64.whl", hash = "sha256:24c7f8d4aee71bfa6401faeba367dd654f696a77151a8a28bc2013f7ced4af98"},
    {file = "pandas-1.1.5-cp38-cp38-macosx_10_9_x86_64.whl", hash = "sha256:2860a97cbb25444ffc0088b457da0a79dc79f9c601238a3e0644312fcc14bf11"},
    {file = "pandas-1.1.5-cp38-cp38-manylinux1_i686.whl", hash = "sha256:5008374ebb990dad9ed48b0f5d0038124c73748f5384cc8c46904dace27082d9"},
    {file = "pandas-1.1.5-cp38-cp38-manylinux1_x86_64.whl", hash = "sha256:2c2f7c670ea4e60318e4b7e474d56447cf0c7d83b3c2a5405a0dbb2600b9c48e"},
    {file = "pandas-1.1.5-cp38-cp38-manylinux2014_aarch64.whl", hash = "sha256:0a643bae4283a37732ddfcecab3f62dd082996021b980f580903f4e8e01b3c5b"},
    {file = "pandas-1.1.5-cp38-cp38-win32.whl", hash = "sha256:5447ea7af4005b0daf695a316a423b96374c9c73ffbd4533209c5ddc369e644b"},
    {file = "pandas-1.1.5-cp38-cp38-win_amd64.whl", hash = "sha256:4c62e94d5d49db116bef1bd5c2486723a292d79409fc9abd51adf9e05329101d"},
    {file = "pandas-1.1.5-cp39-cp39-macosx_10_9_x86_64.whl", hash = "sha256:731568be71fba1e13cae212c362f3d2ca8932e83cb1b85e3f1b4dd77d019254a"},
    {file = "pandas-1.1.5-cp39-cp39-manylinux1_i686.whl", hash = "sha256:c61c043aafb69329d0f961b19faa30b1dab709dd34c9388143fc55680059e55a"},
    {file = "pandas-1.1.5-cp39-cp39-manylinux1_x86_64.whl", hash = "sha256:2b1c6cd28a0dfda75c7b5957363333f01d370936e4c6276b7b8e696dd500582a"},
    {file = "pandas-1.1.5-cp39-cp39-win32.whl", hash = "sha256:c94ff2780a1fd89f190390130d6d36173ca59fcfb3fe0ff596f9a56518191ccb"},
    {file = "pandas-1.1.5-cp39-cp39-win_amd64.whl", hash = "sha256:edda9bacc3843dfbeebaf7a701763e68e741b08fccb889c003b0a52f0ee95782"},
    {file = "pandas-1.1.5.tar.gz", hash = "sha256:f10fc41ee3c75a474d3bdf68d396f10782d013d7f67db99c0efbfd0acb99701b"},
]
pre-commit = [
    {file = "pre_commit-2.10.0-py2.py3-none-any.whl", hash = "sha256:391ed331fdd0a21d0be48c1b9919921e9d372dfd60f6dc77b8f01dd6b13161c1"},
    {file = "pre_commit-2.10.0.tar.gz", hash = "sha256:f413348d3a8464b77987e36ef6e02c3372dadb823edf0dfe6fb0c3dc2f378ef9"},
]
progress = [
    {file = "progress-1.5.tar.gz", hash = "sha256:69ecedd1d1bbe71bf6313d88d1e6c4d2957b7f1d4f71312c211257f7dae64372"},
]
python-dateutil = [
    {file = "python-dateutil-2.8.1.tar.gz", hash = "sha256:73ebfe9dbf22e832286dafa60473e4cd239f8592f699aa5adaf10050e6e1823c"},
    {file = "python_dateutil-2.8.1-py2.py3-none-any.whl", hash = "sha256:75bb3f31ea686f1197762692a9ee6a7550b59fc6ca3a1f4b5d7e32fb98e2da2a"},
]
pytz = [
    {file = "pytz-2021.1-py2.py3-none-any.whl", hash = "sha256:eb10ce3e7736052ed3623d49975ce333bcd712c7bb19a58b9e2089d4057d0798"},
    {file = "pytz-2021.1.tar.gz", hash = "sha256:83a4a90894bf38e243cf052c8b58f381bfe9a7a483f6a9cab140bc7f702ac4da"},
]
pyyaml = [
    {file = "PyYAML-5.4.1-cp27-cp27m-macosx_10_9_x86_64.whl", hash = "sha256:3b2b1824fe7112845700f815ff6a489360226a5609b96ec2190a45e62a9fc922"},
    {file = "PyYAML-5.4.1-cp27-cp27m-win32.whl", hash = "sha256:129def1b7c1bf22faffd67b8f3724645203b79d8f4cc81f674654d9902cb4393"},
    {file = "PyYAML-5.4.1-cp27-cp27m-win_amd64.whl", hash = "sha256:4465124ef1b18d9ace298060f4eccc64b0850899ac4ac53294547536533800c8"},
    {file = "PyYAML-5.4.1-cp27-cp27mu-manylinux1_x86_64.whl", hash = "sha256:bb4191dfc9306777bc594117aee052446b3fa88737cd13b7188d0e7aa8162185"},
    {file = "PyYAML-5.4.1-cp36-cp36m-macosx_10_9_x86_64.whl", hash = "sha256:6c78645d400265a062508ae399b60b8c167bf003db364ecb26dcab2bda048253"},
    {file = "PyYAML-5.4.1-cp36-cp36m-manylinux1_x86_64.whl", hash = "sha256:4e0583d24c881e14342eaf4ec5fbc97f934b999a6828693a99157fde912540cc"},
    {file = "PyYAML-5.4.1-cp36-cp36m-win32.whl", hash = "sha256:3bd0e463264cf257d1ffd2e40223b197271046d09dadf73a0fe82b9c1fc385a5"},
    {file = "PyYAML-5.4.1-cp36-cp36m-win_amd64.whl", hash = "sha256:e4fac90784481d221a8e4b1162afa7c47ed953be40d31ab4629ae917510051df"},
    {file = "PyYAML-5.4.1-cp37-cp37m-macosx_10_9_x86_64.whl", hash = "sha256:5accb17103e43963b80e6f837831f38d314a0495500067cb25afab2e8d7a4018"},
    {file = "PyYAML-5.4.1-cp37-cp37m-manylinux1_x86_64.whl", hash = "sha256:e1d4970ea66be07ae37a3c2e48b5ec63f7ba6804bdddfdbd3cfd954d25a82e63"},
    {file = "PyYAML-5.4.1-cp37-cp37m-win32.whl", hash = "sha256:dd5de0646207f053eb0d6c74ae45ba98c3395a571a2891858e87df7c9b9bd51b"},
    {file = "PyYAML-5.4.1-cp37-cp37m-win_amd64.whl", hash = "sha256:08682f6b72c722394747bddaf0aa62277e02557c0fd1c42cb853016a38f8dedf"},
    {file = "PyYAML-5.4.1-cp38-cp38-macosx_10_9_x86_64.whl", hash = "sha256:d2d9808ea7b4af864f35ea216be506ecec180628aced0704e34aca0b040ffe46"},
    {file = "PyYAML-5.4.1-cp38-cp38-manylinux1_x86_64.whl", hash = "sha256:8c1be557ee92a20f184922c7b6424e8ab6691788e6d86137c5d93c1a6ec1b8fb"},
    {file = "PyYAML-5.4.1-cp38-cp38-win32.whl", hash = "sha256:fa5ae20527d8e831e8230cbffd9f8fe952815b2b7dae6ffec25318803a7528fc"},
    {file = "PyYAML-5.4.1-cp38-cp38-win_amd64.whl", hash = "sha256:0f5f5786c0e09baddcd8b4b45f20a7b5d61a7e7e99846e3c799b05c7c53fa696"},
    {file = "PyYAML-5.4.1-cp39-cp39-macosx_10_9_x86_64.whl", hash = "sha256:294db365efa064d00b8d1ef65d8ea2c3426ac366c0c4368d930bf1c5fb497f77"},
    {file = "PyYAML-5.4.1-cp39-cp39-manylinux1_x86_64.whl", hash = "sha256:74c1485f7707cf707a7aef42ef6322b8f97921bd89be2ab6317fd782c2d53183"},
    {file = "PyYAML-5.4.1-cp39-cp39-win32.whl", hash = "sha256:49d4cdd9065b9b6e206d0595fee27a96b5dd22618e7520c33204a4a3239d5b10"},
    {file = "PyYAML-5.4.1-cp39-cp39-win_amd64.whl", hash = "sha256:c20cfa2d49991c8b4147af39859b167664f2ad4561704ee74c1de03318e898db"},
    {file = "PyYAML-5.4.1.tar.gz", hash = "sha256:607774cbba28732bfa802b54baa7484215f530991055bb562efbed5b2f20a45e"},
]
requests = [
    {file = "requests-2.25.1-py2.py3-none-any.whl", hash = "sha256:c210084e36a42ae6b9219e00e48287def368a26d03a048ddad7bfee44f75871e"},
    {file = "requests-2.25.1.tar.gz", hash = "sha256:27973dd4a904a4f13b263a19c866c13b92a39ed1c964655f025f3f8d3d75b804"},
]
six = [
    {file = "six-1.15.0-py2.py3-none-any.whl", hash = "sha256:8b74bedcbbbaca38ff6d7491d76f2b06b3592611af620f8426e82dddb04a5ced"},
    {file = "six-1.15.0.tar.gz", hash = "sha256:30639c035cdb23534cd4aa2dd52c3bf48f06e5f4a941509c8bafd8ce11080259"},
]
soupsieve = [
    {file = "soupsieve-2.1-py3-none-any.whl", hash = "sha256:4bb21a6ee4707bf43b61230e80740e71bfe56e55d1f1f50924b087bb2975c851"},
    {file = "soupsieve-2.1.tar.gz", hash = "sha256:6dc52924dc0bc710a5d16794e6b3480b2c7c08b07729505feab2b2c16661ff6e"},
]
toml = [
    {file = "toml-0.10.2-py2.py3-none-any.whl", hash = "sha256:806143ae5bfb6a3c6e736a764057db0e6a0e05e338b5630894a5f779cabb4f9b"},
    {file = "toml-0.10.2.tar.gz", hash = "sha256:b3bda1d108d5dd99f4a20d24d9c348e91c4db7ab1b749200bded2f839ccbe68f"},
]
typing-extensions = [
    {file = "typing_extensions-3.7.4.3-py2-none-any.whl", hash = "sha256:dafc7639cde7f1b6e1acc0f457842a83e722ccca8eef5270af2d74792619a89f"},
    {file = "typing_extensions-3.7.4.3-py3-none-any.whl", hash = "sha256:7cb407020f00f7bfc3cb3e7881628838e69d8f3fcab2f64742a5e76b2f841918"},
    {file = "typing_extensions-3.7.4.3.tar.gz", hash = "sha256:99d4073b617d30288f569d3f13d2bd7548c3a7e4c8de87db09a9d29bb3a4a60c"},
]
urllib3 = [
    {file = "urllib3-1.26.3-py2.py3-none-any.whl", hash = "sha256:1b465e494e3e0d8939b50680403e3aedaa2bc434b7d5af64dfd3c958d7f5ae80"},
    {file = "urllib3-1.26.3.tar.gz", hash = "sha256:de3eedaad74a2683334e282005cd8d7f22f4d55fa690a2a1020a416cb0a47e73"},
]
virtualenv = [
    {file = "virtualenv-20.4.2-py2.py3-none-any.whl", hash = "sha256:2be72df684b74df0ea47679a7df93fd0e04e72520022c57b479d8f881485dbe3"},
    {file = "virtualenv-20.4.2.tar.gz", hash = "sha256:147b43894e51dd6bba882cf9c282447f780e2251cd35172403745fc381a0a80d"},
]
zipp = [
    {file = "zipp-3.4.0-py3-none-any.whl", hash = "sha256:102c24ef8f171fd729d46599845e95c7ab894a4cf45f5de11a44cc7444fb1108"},
    {file = "zipp-3.4.0.tar.gz", hash = "sha256:ed5eee1974372595f9e416cc7bbeeb12335201d8081ca8a0743c954d4446e5cb"},
]
